
Microsoft Visual Studio Solution File, Format Version 12.00
# Visual Studio Version 16
VisualStudioVersion = 16.0.30204.135
MinimumVisualStudioVersion = 10.0.40219.1
Project("{9A19103F-16F7-4668-BE54-9A1E7A4F7556}") = "NorthwindWebService", "NorthwindWebService\NorthwindWebService.csproj", "{022D747E-E2A2-42B6-AD52-7AB3C6ED61AA}"
EndProject
Global
	GlobalSection(SolutionConfigurationPlatforms) = preSolution
		Debug|Any CPU = Debug|Any CPU
		Release|Any CPU = Release|Any CPU
	EndGlobalSection
	GlobalSection(ProjectConfigurationPlatforms) = postSolution
		{022D747E-E2A2-42B6-AD52-7AB3C6ED61AA}.Debug|Any CPU.ActiveCfg = Debug|Any CPU
		{022D747E-E2A2-42B6-AD52-7AB3C6ED61AA}.Debug|Any CPU.Build.0 = Debug|Any CPU
		{022D747E-E2A2-42B6-AD52-7AB3C6ED61AA}.Release|Any CPU.ActiveCfg = Release|Any CPU
		{022D747E-E2A2-42B6-AD52-7AB3C6ED61AA}.Release|Any CPU.Build.0 = Release|Any CPU
	EndGlobalSection
	GlobalSection(SolutionProperties) = preSolution
		HideSolutionNode = FALSE
	EndGlobalSection
	GlobalSection(ExtensibilityGlobals) = postSolution
		SolutionGuid = {635D58D2-318B-41D0-B1C3-7DAB9FD1A53B}
	EndGlobalSection
EndGlobal
